// !$*UTF8*$!
{
	archiveVersion = 1;
	classes = {
	};
	objectVersion = 50;
	objects = {

/* Begin PBXBuildFile section */
		0A0ED27522CF33440037739B /* AppDelegate.swift in Sources */ = {isa = PBXBuildFile; fileRef = 0A0ED27422CF33440037739B /* AppDelegate.swift */; };
		0A0ED27722CF33440037739B /* SceneDelegate.swift in Sources */ = {isa = PBXBuildFile; fileRef = 0A0ED27622CF33440037739B /* SceneDelegate.swift */; };
		0A0ED27922CF33440037739B /* ContentView.swift in Sources */ = {isa = PBXBuildFile; fileRef = 0A0ED27822CF33440037739B /* ContentView.swift */; };
		0A0ED27B22CF33450037739B /* Assets.xcassets in Resources */ = {isa = PBXBuildFile; fileRef = 0A0ED27A22CF33450037739B /* Assets.xcassets */; };
		0A0ED27E22CF33450037739B /* Preview Assets.xcassets in Resources */ = {isa = PBXBuildFile; fileRef = 0A0ED27D22CF33450037739B /* Preview Assets.xcassets */; };
		0A0ED28122CF33460037739B /* LaunchScreen.storyboard in Resources */ = {isa = PBXBuildFile; fileRef = 0A0ED27F22CF33460037739B /* LaunchScreen.storyboard */; };
		0A0ED28922CF35350037739B /* Model.swift in Sources */ = {isa = PBXBuildFile; fileRef = 0A0ED28822CF35350037739B /* Model.swift */; };
/* End PBXBuildFile section */

/* Begin PBXFileReference section */
		0A0ED27122CF33440037739B /* WizardRegistrationSwiftUI.app */ = {isa = PBXFileReference; explicitFileType = wrapper.application; includeInIndex = 0; path = WizardRegistrationSwiftUI.app; sourceTree = BUILT_PRODUCTS_DIR; };
		0A0ED27422CF33440037739B /* AppDelegate.swift */ = {isa = PBXFileReference; lastKnownFileType = sourcecode.swift; path = AppDelegate.swift; sourceTree = "<group>"; };
		0A0ED27622CF33440037739B /* SceneDelegate.swift */ = {isa = PBXFileReference; lastKnownFileType = sourcecode.swift; path = SceneDelegate.swift; sourceTree = "<group>"; };
		0A0ED27822CF33440037739B /* ContentView.swift */ = {isa = PBXFileReference; lastKnownFileType = sourcecode.swift; path = ContentView.swift; sourceTree = "<group>"; };
		0A0ED27A22CF33450037739B /* Assets.xcassets */ = {isa = PBXFileReference; lastKnownFileType = folder.assetcatalog; path = Assets.xcassets; sourceTree = "<group>"; };
		0A0ED27D22CF33450037739B /* Preview Assets.xcassets */ = {isa = PBXFileReference; lastKnownFileType = folder.assetcatalog; path = "Preview Assets.xcassets"; sourceTree = "<group>"; };
		0A0ED28022CF33460037739B /* Base */ = {isa = PBXFileReference; lastKnownFileType = file.storyboard; name = Base; path = Base.lproj/LaunchScreen.storyboard; sourceTree = "<group>"; };
		0A0ED28222CF33460037739B /* Info.plist */ = {isa = PBXFileReference; lastKnownFileType = text.plist.xml; path = Info.plist; sourceTree = "<group>"; };
		0A0ED28822CF35350037739B /* Model.swift */ = {isa = PBXFileReference; lastKnownFileType = sourcecode.swift; path = Model.swift; sourceTree = "<group>"; };
/* End PBXFileReference section */

/* Begin PBXFrameworksBuildPhase section */
		0A0ED26E22CF33440037739B /* Frameworks */ = {
			isa = PBXFrameworksBuildPhase;
			buildActionMask = 2147483647;
			files = (
			);
			runOnlyForDeploymentPostprocessing = 0;
		};
/* End PBXFrameworksBuildPhase section */

/* Begin PBXGroup section */
		0A0ED26822CF33440037739B = {
			isa = PBXGroup;
			children = (
				0A0ED27322CF33440037739B /* WizardRegistrationSwiftUI */,
				0A0ED27222CF33440037739B /* Products */,
			);
			sourceTree = "<group>";
		};
		0A0ED27222CF33440037739B /* Products */ = {
			isa = PBXGroup;
			children = (
				0A0ED27122CF33440037739B /* WizardRegistrationSwiftUI.app */,
			);
			name = Products;
			sourceTree = "<group>";
		};
		0A0ED27322CF33440037739B /* WizardRegistrationSwiftUI */ = {
			isa = PBXGroup;
			children = (
				0A0ED27422CF33440037739B /* AppDelegate.swift */,
				0A0ED27622CF33440037739B /* SceneDelegate.swift */,
				0A0ED28822CF35350037739B /* Model.swift */,
				0A0ED27822CF33440037739B /* ContentView.swift */,
				0A0ED27A22CF33450037739B /* Assets.xcassets */,
				0A0ED27F22CF33460037739B /* LaunchScreen.storyboard */,
				0A0ED28222CF33460037739B /* Info.plist */,
				0A0ED27C22CF33450037739B /* Preview Content */,
			);
			path = WizardRegistrationSwiftUI;
			sourceTree = "<group>";
		};
		0A0ED27C22CF33450037739B /* Preview Content */ = {
			isa = PBXGroup;
			children = (
				0A0ED27D22CF33450037739B /* Preview Assets.xcassets */,
			);
			path = "Preview Content";
			sourceTree = "<group>";
		};
/* End PBXGroup section */

/* Begin PBXNativeTarget section */
		0A0ED27022CF33440037739B /* WizardRegistrationSwiftUI */ = {
			isa = PBXNativeTarget;
			buildConfigurationList = 0A0ED28522CF33460037739B /* Build configuration list for PBXNativeTarget "WizardRegistrationSwiftUI" */;
			buildPhases = (
				0A0ED26D22CF33440037739B /* Sources */,
				0A0ED26E22CF33440037739B /* Frameworks */,
				0A0ED26F22CF33440037739B /* Resources */,
			);
			buildRules = (
			);
			dependencies = (
			);
			name = WizardRegistrationSwiftUI;
			productName = WizardRegistrationSwiftUI;
			productReference = 0A0ED27122CF33440037739B /* WizardRegistrationSwiftUI.app */;
			productType = "com.apple.product-type.application";
		};
/* End PBXNativeTarget section */

/* Begin PBXProject section */
		0A0ED26922CF33440037739B /* Project object */ = {
			isa = PBXProject;
			attributes = {
				LastSwiftUpdateCheck = 1100;
				LastUpgradeCheck = 1100;
				ORGANIZATIONNAME = "Dmitry Lobanov";
				TargetAttributes = {
					0A0ED27022CF33440037739B = {
						CreatedOnToolsVersion = 11.0;
					};
				};
			};
			buildConfigurationList = 0A0ED26C22CF33440037739B /* Build configuration list for PBXProject "WizardRegistrationSwiftUI" */;
			compatibilityVersion = "Xcode 9.3";
			developmentRegion = en;
			hasScannedForEncodings = 0;
			knownRegions = (
				en,
				Base,
			);
			mainGroup = 0A0ED26822CF33440037739B;
			productRefGroup = 0A0ED27222CF33440037739B /* Products */;
			projectDirPath = "";
			projectRoot = "";
			targets = (
				0A0ED27022CF33440037739B /* WizardRegistrationSwiftUI */,
			);
		};
/* End PBXProject section */

/* Begin PBXResourcesBuildPhase section */
		0A0ED26F22CF33440037739B /* Resources */ = {
			isa = PBXResourcesBuildPhase;
			buildActionMask = 2147483647;
			files = (
				0A0ED28122CF33460037739B /* LaunchScreen.storyboard in Resources */,
				0A0ED27E22CF33450037739B /* Preview Assets.xcassets in Resources */,
				0A0ED27B22CF33450037739B /* Assets.xcassets in Resources */,
			);
			runOnlyForDeploymentPostprocessing = 0;
		};
/* End PBXResourcesBuildPhase section */

/* Begin PBXSourcesBuildPhase section */
		0A0ED26D22CF33440037739B /* Sources */ = {
			isa = PBXSourcesBuildPhase;
			buildActionMask = 2147483647;
			files = (
				0A0ED27522CF33440037739B /* AppDelegate.swift in Sources */,
				0A0ED27722CF33440037739B /* SceneDelegate.swift in Sources */,
				0A0ED27922CF33440037739B /* ContentView.swift in Sources */,
				0A0ED28922CF35350037739B /* Model.swift in Sources */,
			);
			runOnlyForDeploymentPostprocessing = 0;
		};
/* End PBXSourcesBuildPhase section */

/* Begin PBXVariantGroup section */
		0A0ED27F22CF33460037739B /* LaunchScreen.storyboard */ = {
			isa = PBXVariantGroup;
			children = (
				0A0ED28022CF33460037739B /* Base */,
			);
			name = LaunchScreen.storyboard;
			sourceTree = "<group>";
		};
/* End PBXVariantGroup section */

/* Begin XCBuildConfiguration section */
		0A0ED28322CF33460037739B /* Debug */ = {
			isa = XCBuildConfiguration;
			buildSettings = {
				ALWAYS_SEARCH_USER_PATHS = NO;
				CLANG_ANALYZER_NONNULL = YES;
				CLANG_ANALYZER_NUMBER_OBJECT_CONVERSION = YES_AGGRESSIVE;
				CLANG_CXX_LANGUAGE_STANDARD = "gnu++14";
				CLANG_CXX_LIBRARY = "libc++";
				CLANG_ENABLE_MODULES = YES;
				CLANG_ENABLE_OBJC_ARC = YES;
				CLANG_ENABLE_OBJC_WEAK = YES;
				CLANG_WARN_BLOCK_CAPTURE_AUTORELEASING = YES;
				CLANG_WARN_BOOL_CONVERSION = YES;
				CLANG_WARN_COMMA = YES;
				CLANG_WARN_CONSTANT_CONVERSION = YES;
				CLANG_WARN_DEPRECATED_OBJC_IMPLEMENTATIONS = YES;
				CLANG_WARN_DIRECT_OBJC_ISA_USAGE = YES_ERROR;
				CLANG_WARN_DOCUMENTATION_COMMENTS = YES;
				CLANG_WARN_EMPTY_BODY = YES;
				CLANG_WARN_ENUM_CONVERSION = YES;
				CLANG_WARN_INFINITE_RECURSION = YES;
				CLANG_WARN_INT_CONVERSION = YES;
				CLANG_WARN_NON_LITERAL_NULL_CONVERSION = YES;
				CLANG_WARN_OBJC_IMPLICIT_RETAIN_SELF = YES;
				CLANG_WARN_OBJC_LITERAL_CONVERSION = YES;
				CLANG_WARN_OBJC_ROOT_CLASS = YES_ERROR;
				CLANG_WARN_RANGE_LOOP_ANALYSIS = YES;
				CLANG_WARN_STRICT_PROTOTYPES = YES;
				CLANG_WARN_SUSPICIOUS_MOVE = YES;
				CLANG_WARN_UNGUARDED_AVAILABILITY = YES_AGGRESSIVE;
				CLANG_WARN_UNREACHABLE_CODE = YES;
				CLANG_WARN__DUPLICATE_METHOD_MATCH = YES;
				COPY_PHASE_STRIP = NO;
				DEBUG_INFORMATION_FORMAT = dwarf;
				ENABLE_STRICT_OBJC_MSGSEND = YES;
				ENABLE_TESTABILITY = YES;
				GCC_C_LANGUAGE_STANDARD = gnu11;
				GCC_DYNAMIC_NO_PIC = NO;
				GCC_NO_COMMON_BLOCKS = YES;
				GCC_OPTIMIZATION_LEVEL = 0;
				GCC_PREPROCESSOR_DEFINITIONS = (
					"DEBUG=1",
					"$(inherited)",
				);
				GCC_WARN_64_TO_32_BIT_CONVERSION = YES;
				GCC_WARN_ABOUT_RETURN_TYPE = YES_ERROR;
				GCC_WARN_UNDECLARED_SELECTOR = YES;
				GCC_WARN_UNINITIALIZED_AUTOS = YES_AGGRESSIVE;
				GCC_WARN_UNUSED_FUNCTION = YES;
				GCC_WARN_UNUSED_VARIABLE = YES;
				IPHONEOS_DEPLOYMENT_TARGET = 13.0;
				MTL_ENABLE_DEBUG_INFO = INCLUDE_SOURCE;
				MTL_FAST_MATH = YES;
				ONLY_ACTIVE_ARCH = YES;
				SDKROOT = iphoneos;
				SWIFT_ACTIVE_COMPILATION_CONDITIONS = DEBUG;
				SWIFT_OPTIMIZATION_LEVEL = "-Onone";
			};
			name = Debug;
		};
		0A0ED28422CF33460037739B /* Release */ = {
			isa = XCBuildConfiguration;
			buildSettings = {
				ALWAYS_SEARCH_USER_PATHS = NO;
				CLANG_ANALYZER_NONNULL = YES;
				CLANG_ANALYZER_NUMBER_OBJECT_CONVERSION = YES_AGGRESSIVE;
				CLANG_CXX_LANGUAGE_STANDARD = "gnu++14";
				CLANG_CXX_LIBRARY = "libc++";
				CLANG_ENABLE_MODULES = YES;
				CLANG_ENABLE_OBJC_ARC = YES;
				CLANG_ENABLE_OBJC_WEAK = YES;
				CLANG_WARN_BLOCK_CAPTURE_AUTORELEASING = YES;
				CLANG_WARN_BOOL_CONVERSION = YES;
				CLANG_WARN_COMMA = YES;
				CLANG_WARN_CONSTANT_CONVERSION = YES;
				CLANG_WARN_DEPRECATED_OBJC_IMPLEMENTATIONS = YES;
				CLANG_WARN_DIRECT_OBJC_ISA_USAGE = YES_ERROR;
				CLANG_WARN_DOCUMENTATION_COMMENTS = YES;
				CLANG_WARN_EMPTY_BODY = YES;
				CLANG_WARN_ENUM_CONVERSION = YES;
				CLANG_WARN_INFINITE_RECURSION = YES;
				CLANG_WARN_INT_CONVERSION = YES;
				CLANG_WARN_NON_LITERAL_NULL_CONVERSION = YES;
				CLANG_WARN_OBJC_IMPLICIT_RETAIN_SELF = YES;
				CLANG_WARN_OBJC_LITERAL_CONVERSION = YES;
				CLANG_WARN_OBJC_ROOT_CLASS = YES_ERROR;
				CLANG_WARN_RANGE_LOOP_ANALYSIS = YES;
				CLANG_WARN_STRICT_PROTOTYPES = YES;
				CLANG_WARN_SUSPICIOUS_MOVE = YES;
				CLANG_WARN_UNGUARDED_AVAILABILITY = YES_AGGRESSIVE;
				CLANG_WARN_UNREACHABLE_CODE = YES;
				CLANG_WARN__DUPLICATE_METHOD_MATCH = YES;
				COPY_PHASE_STRIP = NO;
				DEBUG_INFORMATION_FORMAT = "dwarf-with-dsym";
				ENABLE_NS_ASSERTIONS = NO;
				ENABLE_STRICT_OBJC_MSGSEND = YES;
				GCC_C_LANGUAGE_STANDARD = gnu11;
				GCC_NO_COMMON_BLOCKS = YES;
				GCC_WARN_64_TO_32_BIT_CONVERSION = YES;
				GCC_WARN_ABOUT_RETURN_TYPE = YES_ERROR;
				GCC_WARN_UNDECLARED_SELECTOR = YES;
				GCC_WARN_UNINITIALIZED_AUTOS = YES_AGGRESSIVE;
				GCC_WARN_UNUSED_FUNCTION = YES;
				GCC_WARN_UNUSED_VARIABLE = YES;
				IPHONEOS_DEPLOYMENT_TARGET = 13.0;
				MTL_ENABLE_DEBUG_INFO = NO;
				MTL_FAST_MATH = YES;
				SDKROOT = iphoneos;
				SWIFT_COMPILATION_MODE = wholemodule;
				SWIFT_OPTIMIZATION_LEVEL = "-O";
				VALIDATE_PRODUCT = YES;
			};
			name = Release;
		};
		0A0ED28622CF33460037739B /* Debug */ = {
			isa = XCBuildConfiguration;
			buildSettings = {
				ASSETCATALOG_COMPILER_APPICON_NAME = AppIcon;
				CODE_SIGN_STYLE = Automatic;
				DEVELOPMENT_ASSET_PATHS = "WizardRegistrationSwiftUI/Preview\\ Content";
				ENABLE_PREVIEWS = YES;
				INFOPLIST_FILE = WizardRegistrationSwiftUI/Info.plist;
				LD_RUNPATH_SEARCH_PATHS = (
					"$(inherited)",
					"@executable_path/Frameworks",
				);
				PRODUCT_BUNDLE_IDENTIFIER = org.example.WizardRegistrationSwiftUI;
				PRODUCT_NAME = "$(TARGET_NAME)";
				SWIFT_VERSION = 5.0;
				TARGETED_DEVICE_FAMILY = "1,2";
			};
			name = Debug;
		};
		0A0ED28722CF33460037739B /* Release */ = {
			isa = XCBuildConfiguration;
			buildSettings = {
				ASSETCATALOG_COMPILER_APPICON_NAME = AppIcon;
				CODE_SIGN_STYLE = Automatic;
				DEVELOPMENT_ASSET_PATHS = "WizardRegistrationSwiftUI/Preview\\ Content";
				ENABLE_PREVIEWS = YES;
				INFOPLIST_FILE = WizardRegistrationSwiftUI/Info.plist;
				LD_RUNPATH_SEARCH_PATHS = (
					"$(inherited)",
					"@executable_path/Frameworks",
				);
				PRODUCT_BUNDLE_IDENTIFIER = org.example.WizardRegistrationSwiftUI;
				PRODUCT_NAME = "$(TARGET_NAME)";
				SWIFT_VERSION = 5.0;
				TARGETED_DEVICE_FAMILY = "1,2";
			};
			name = Release;
		};
/* End XCBuildConfiguration section */

/* Begin XCConfigurationList section */
		0A0ED26C22CF33440037739B /* Build configuration list for PBXProject "WizardRegistrationSwiftUI" */ = {
			isa = XCConfigurationList;
			buildConfigurations = (
				0A0ED28322CF33460037739B /* Debug */,
				0A0ED28422CF33460037739B /* Release */,
			);
			defaultConfigurationIsVisible = 0;
			defaultConfigurationName = Release;
		};
		0A0ED28522CF33460037739B /* Build configuration list for PBXNativeTarget "WizardRegistrationSwiftUI" */ = {
			isa = XCConfigurationList;
			buildConfigurations = (
				0A0ED28622CF33460037739B /* Debug */,
				0A0ED28722CF33460037739B /* Release */,
			);
			defaultConfigurationIsVisible = 0;
			defaultConfigurationName = Release;
		};
/* End XCConfigurationList section */
	};
	rootObject = 0A0ED26922CF33440037739B /* Project object */;
}
